github.com/aws/aws-sdk-go v1.15.1 h1:BHYZjmeBHF8CTeE+tJSRlE6yOQy1lyu+YhW1Vo98Ieo=
github.com/aws/aws-sdk-go v1.15.1/go.mod h1:mFuSZ37Z9YOHbQEwBWztmVzqXrEkub65tZoCYDt7FT0=
github.com/aws/aws-sdk-go v1.15.2 h1:RH309yOKW4FwEHbRmTsY/bVP8RlldMxBvu3u74wnTVc=
github.com/aws/aws-sdk-go v1.15.2/go.mod h1:mFuSZ37Z9YOHbQEwBWztmVzqXrEkub65tZoCYDt7FT0=
github.com/aws/aws-sdk-go v1.15.3 h1:/e1tZSwEeFBp6JFBOJU0J4RdLstT/ud4mMc8UAhbHJM=
github.com/aws/aws-sdk-go v1.15.3/go.mod h1:mFuSZ37Z9YOHbQEwBWztmVzqXrEkub65tZoCYDt7FT0=
github.com/aws/aws-sdk-go v1.15.4 h1:LbvdkfphKomZ/+0xCSvfVXycBp/6LKLVeddpKHjFgCw=
github.com/aws/aws-sdk-go v1.15.4/go.mod h1:mFuSZ37Z9YOHbQEwBWztmVzqXrEkub65tZoCYDt7FT0=
github.com/aws/aws-sdk-go v1.15.5 h1:DsJB5zKSOxWICag3fSHslZ1qhkN4cecoR9HRJ1ZZTIQ=
github.com/aws/aws-sdk-go v1.15.5/go.mod h1:mFuSZ37Z9YOHbQEwBWztmVzqXrEkub65tZoCYDt7FT0=
github.com/aws/aws-sdk-go v1.15.6 h1:JRgUEp143FVHH3LOV2ggH2f6h+Tl1EgGphqaoH/Xibk=
github.com/aws/aws-sdk-go v1.15.6/go.mod h1:mFuSZ37Z9YOHbQEwBWztmVzqXrEkub65tZoCYDt7FT0=
github.com/aws/aws-sdk-go v1.15.7 h1:ipRJz27GC78FAGJNK/pPSnM//49vushZpvl7OJeoeMo=
github.com/aws/aws-sdk-go v1.15.7/go.mod h1:mFuSZ37Z9YOHbQEwBWztmVzqXrEkub65tZoCYDt7FT0=
github.com/aws/aws-sdk-go v1.15.8 h1:qWDnYZ0kcSiFCj99VjNn4XhcWC65EmIaGh4dkRiOfEg=
github.com/aws/aws-sdk-go v1.15.8/go.mod h1:mFuSZ37Z9YOHbQEwBWztmVzqXrEkub65tZoCYDt7FT0=
github.com/aws/aws-sdk-go v1.15.9 h1:bWYX9x4P7sgoK2bb7ROi1mv3oRveZDbRX6+E+K3zCew=
github.com/aws/aws-sdk-go v1.15.9/go.mod h1:mFuSZ37Z9YOHbQEwBWztmVzqXrEkub65tZoCYDt7FT0=
github.com/aws/aws-sdk-go v1.15.10 h1:KEdP158reYPmzamklLCV4ANjP3RhokqZpeA7qqUpi08=
github.com/aws/aws-sdk-go v1.15.10/go.mod h1:mFuSZ37Z9YOHbQEwBWztmVzqXrEkub65tZoCYDt7FT0=
github.com/aws/aws-sdk-go v1.15.11 h1:m45+Ru/wA+73cOZXiEGLDH2d9uLN3iHqMc0/z4noDXE=
github.com/aws/aws-sdk-go v1.15.11/go.mod h1:mFuSZ37Z9YOHbQEwBWztmVzqXrEkub65tZoCYDt7FT0=
github.com/aws/aws-sdk-go v1.15.12 h1:iHNrTnYV37nlnL3zX7R3sniehzrTvCjRgtHqhf31VLI=
github.com/aws/aws-sdk-go v1.15.12/go.mod h1:mFuSZ37Z9YOHbQEwBWztmVzqXrEkub65tZoCYDt7FT0=
github.com/aws/aws-sdk-go v1.15.13 h1:aFus1fDmNntc/FcyYMRCJbOHbrCGJXW+YqyVO+F9eUQ=
github.com/aws/aws-sdk-go v1.15.13/go.mod h1:mFuSZ37Z9YOHbQEwBWztmVzqXrEkub65tZoCYDt7FT0=
github.com/aws/aws-sdk-go v1.15.14 h1:9o67jKdmm6jrUIyBL01Kzn/K2BlmQBGPze7m/1MzeAE=
github.com/aws/aws-sdk-go v1.15.14/go.mod h1:mFuSZ37Z9YOHbQEwBWztmVzqXrEkub65tZoCYDt7FT0=
github.com/aws/aws-sdk-go v1.15.15 h1:XAuFGWoS9tAE+iN9g8G5BY428ms9JQj4yfeJDFIyVxk=
github.com/aws/aws-sdk-go v1.15.15/go.mod h1:mFuSZ37Z9YOHbQEwBWztmVzqXrEkub65tZoCYDt7FT0=
github.com/aws/aws-sdk-go v1.15.16 h1:h3Wt98XmE8BWKZKLNhw1bl+ABVMvdWwetYM/rs88jMY=
github.com/aws/aws-sdk-go v1.15.16/go.mod h1:mFuSZ37Z9YOHbQEwBWztmVzqXrEkub65tZoCYDt7FT0=
github.com/aws/aws-sdk-go v1.15.17 h1:vzAa4bpBb+r7aKuKttIfjkxAiPVbVlwJGQS2RKxchg0=
github.com/aws/aws-sdk-go v1.15.17/go.mod h1:mFuSZ37Z9YOHbQEwBWztmVzqXrEkub65tZoCYDt7FT0=
github.com/aws/aws-sdk-go v1.15.18 h1:5rjkyy+mBc1CoSNnjCzGq0R+is4ghNDZEj/U6rM7rYk=
github.com/aws/aws-sdk-go v1.15.18/go.mod h1:mFuSZ37Z9YOHbQEwBWztmVzqXrEkub65tZoCYDt7FT0=
github.com/aws/aws-sdk-go v1.15.19 h1:NtNEzBqu9BVnK/nBfJJK17h23pS8jWY6wgShsNIRJrI=
github.com/aws/aws-sdk-go v1.15.19/go.mod h1:mFuSZ37Z9YOHbQEwBWztmVzqXrEkub65tZoCYDt7FT0=
github.com/aws/aws-sdk-go v1.15.20 h1:3t9sfLCB5JM9HnFR6/PCO/xcOE/JUmSYUp25pazr/k0=
github.com/aws/aws-sdk-go v1.15.20/go.mod h1:mFuSZ37Z9YOHbQEwBWztmVzqXrEkub65tZoCYDt7FT0=
github.com/aws/aws-sdk-go v1.15.21 h1:STLvc6RrpycslC1NRtTvt/YSgDkIGCTrB9K9vE5R2oQ=
github.com/aws/aws-sdk-go v1.15.21/go.mod h1:mFuSZ37Z9YOHbQEwBWztmVzqXrEkub65tZoCYDt7FT0=
github.com/aws/aws-sdk-go v1.15.22 h1:oBDjhvhppuHcEzchKrAB2tnt8nENQG47dGiC1865tqA=
github.com/aws/aws-sdk-go v1.15.22/go.mod h1:mFuSZ37Z9YOHbQEwBWztmVzqXrEkub65tZoCYDt7FT0=
github.com/aws/aws-sdk-go v1.15.23 h1:kOoboR2trlezdCoazZ0RXvJbM7YrOglDekarwdLP74c=
github.com/aws/aws-sdk-go v1.15.23/go.mod h1:mFuSZ37Z9YOHbQEwBWztmVzqXrEkub65tZoCYDt7FT0=
github.com/aws/aws-sdk-go v1.15.24 h1:xLAdTA/ore6xdPAljzZRed7IGqQgC+nY+ERS5vaj4Ro=
github.com/aws/aws-sdk-go v1.15.24/go.mod h1:mFuSZ37Z9YOHbQEwBWztmVzqXrEkub65tZoCYDt7FT0=
github.com/aws/aws-sdk-go v1.15.25 h1:n0+QZLTS5npWwIArmudXj0z6Tun7yEBFhbE1sRKR4M8=
github.com/aws/aws-sdk-go v1.15.25/go.mod h1:mFuSZ37Z9YOHbQEwBWztmVzqXrEkub65tZoCYDt7FT0=
github.com/aws/aws-sdk-go v1.15.26 h1:p9fZ5yY1JnB3T0iLQQsLrFY70Pyfft6WcNANHtGOyYc=
github.com/aws/aws-sdk-go v1.15.26/go.mod h1:mFuSZ37Z9YOHbQEwBWztmVzqXrEkub65tZoCYDt7FT0=
github.com/aws/aws-sdk-go v1.15.27 h1:i75BxN4Es/8rTVQbEKAP1WCiIhhz635xTNeDdZJRAXQ=
github.com/aws/aws-sdk-go v1.15.27/go.mod h1:mFuSZ37Z9YOHbQEwBWztmVzqXrEkub65tZoCYDt7FT0=
github.com/aws/aws-sdk-go v1.15.28 h1:bLxwbcBmuZoJhkDc8if8U6DvSjVvexS+EvnUAIAJOxw=
github.com/aws/aws-sdk-go v1.15.28/go.mod h1:mFuSZ37Z9YOHbQEwBWztmVzqXrEkub65tZoCYDt7FT0=
github.com/aws/aws-sdk-go v1.15.29 h1:30bxxxQjf2nzXUrV9ckeY0R27JMP+MnfzgyUnM4V84w=
github.com/aws/aws-sdk-go v1.15.29/go.mod h1:mFuSZ37Z9YOHbQEwBWztmVzqXrEkub65tZoCYDt7FT0=
github.com/aws/aws-sdk-go v1.15.30 h1:k8VYT4wfr+F6YD0hXTCxW/pSKqEtmoGdHXQ8h2tVpWI=
github.com/aws/aws-sdk-go v1.15.30/go.mod h1:mFuSZ37Z9YOHbQEwBWztmVzqXrEkub65tZoCYDt7FT0=
github.com/aws/aws-sdk-go v1.15.31 h1:ExgD8W8QDeD8Y4CPVlcP/laumxvikDbkVWB+VCHgXxA=
github.com/aws/aws-sdk-go v1.15.31/go.mod h1:mFuSZ37Z9YOHbQEwBWztmVzqXrEkub65tZoCYDt7FT0=
github.com/aws/aws-sdk-go v1.15.32 h1:tb099RWtGbsXqOWDNKISRyufkdRWOYlXhE4XN0Jm3Bg=
github.com/aws/aws-sdk-go v1.15.32/go.mod h1:mFuSZ37Z9YOHbQEwBWztmVzqXrEkub65tZoCYDt7FT0=
github.com/aws/aws-sdk-go v1.15.33 h1:Xch3KIkPonPmCiA/BlaRm+RljrWr3M5Jb4EeUpdgmTU=
github.com/aws/aws-sdk-go v1.15.33/go.mod h1:mFuSZ37Z9YOHbQEwBWztmVzqXrEkub65tZoCYDt7FT0=
github.com/aws/aws-sdk-go v1.15.34 h1:P0dzidrIxx2/XchvjqoQ/CXIzkCHWkGDa9CLPqzKG2o=
github.com/aws/aws-sdk-go v1.15.34/go.mod h1:mFuSZ37Z9YOHbQEwBWztmVzqXrEkub65tZoCYDt7FT0=
github.com/aws/aws-sdk-go v1.15.35 h1:roOTR0eOeCgYwrz3NXmrneLFBYdnK8epLedaRMm1kQg=
github.com/aws/aws-sdk-go v1.15.35/go.mod h1:mFuSZ37Z9YOHbQEwBWztmVzqXrEkub65tZoCYDt7FT0=
github.com/aws/aws-sdk-go v1.15.36 h1:xU7E8UEBndMMHMQT+F5QXLxHl57bsOqjBJMfbVANEmA=
github.com/aws/aws-sdk-go v1.15.36/go.mod h1:mFuSZ37Z9YOHbQEwBWztmVzqXrEkub65tZoCYDt7FT0=
github.com/aws/aws-sdk-go v1.15.37 h1:s5DPxjRQ45Kw1jxuk7vuHQ3XKj8XIgCmGjgxP0VPLeU=
github.com/aws/aws-sdk-go v1.15.37/go.mod h1:mFuSZ37Z9YOHbQEwBWztmVzqXrEkub65tZoCYDt7FT0=
github.com/aws/aws-sdk-go v1.15.38 h1:OtXBWF75rR4KWnYPumoK2MF5rHfDMrlzUB5czArWCw0=
github.com/aws/aws-sdk-go v1.15.38/go.mod h1:mFuSZ37Z9YOHbQEwBWztmVzqXrEkub65tZoCYDt7FT0=
github.com/aws/aws-sdk-go v1.15.39 h1:MUxm375zGxxVhgL5NNCIDuwn4SkMQsX8CQWD+zLULcw=
github.com/aws/aws-sdk-go v1.15.39/go.mod h1:mFuSZ37Z9YOHbQEwBWztmVzqXrEkub65tZoCYDt7FT0=
github.com/aws/aws-sdk-go v1.15.40 h1:3psP3mqMQz0otZEZyQMd8QLQM88voCTuL72gua8zvNs=
github.com/aws/aws-sdk-go v1.15.40/go.mod h1:mFuSZ37Z9YOHbQEwBWztmVzqXrEkub65tZoCYDt7FT0=
github.com/aws/aws-sdk-go v1.15.41 h1:dr+Z+19rMrA2vLXfIaW904m2SCMchoAof5l+pqtHSH8=
github.com/aws/aws-sdk-go v1.15.41/go.mod h1:mFuSZ37Z9YOHbQEwBWztmVzqXrEkub65tZoCYDt7FT0=
github.com/aws/aws-sdk-go v1.15.42 h1:EdZS/WPf0v7TBmFCB6DH6V0IGAzVppx8km8Z65/OiWA=
github.com/aws/aws-sdk-go v1.15.42/go.mod h1:mFuSZ37Z9YOHbQEwBWztmVzqXrEkub65tZoCYDt7FT0=
github.com/aws/aws-sdk-go v1.15.43 h1:hQOiV1bPMMWJSLldiNH3djHyyjxxu10c38xGfmJXBTI=
github.com/aws/aws-sdk-go v1.15.43/go.mod h1:mFuSZ37Z9YOHbQEwBWztmVzqXrEkub65tZoCYDt7FT0=
github.com/aws/aws-sdk-go v1.15.44 h1:XIhmST75fI9XXOdRQKw2czRLiT7abSjKLXdhD9jC4Fk=
github.com/aws/aws-sdk-go v1.15.44/go.mod h1:mFuSZ37Z9YOHbQEwBWztmVzqXrEkub65tZoCYDt7FT0=
github.com/aws/aws-sdk-go v1.15.45 h1:AZQmbZllwfzmoGWnCufXcPEObmdOh4Jb9EiIweh/4Sg=
github.com/aws/aws-sdk-go v1.15.45/go.mod h1:mFuSZ37Z9YOHbQEwBWztmVzqXrEkub65tZoCYDt7FT0=
github.com/aws/aws-sdk-go v1.15.46 h1:gX48KxOq3XtZKDdtkBFTh/emUuxVUX22sbfO2wa/7d0=
github.com/aws/aws-sdk-go v1.15.46/go.mod h1:mFuSZ37Z9YOHbQEwBWztmVzqXrEkub65tZoCYDt7FT0=
github.com/aws/aws-sdk-go v1.15.47 h1:A0upvQ+UC+JXkWxlKvXjeQA6A+yN6fllYGYUoZjitsI=
github.com/aws/aws-sdk-go v1.15.47/go.mod h1:mFuSZ37Z9YOHbQEwBWztmVzqXrEkub65tZoCYDt7FT0=
github.com/aws/aws-sdk-go v1.15.48 h1:b4uYtqfWWATa/WaKyMM/s0bOiXC1yls+ogxPqAY2Bgs=
github.com/aws/aws-sdk-go v1.15.48/go.mod h1:mFuSZ37Z9YOHbQEwBWztmVzqXrEkub65tZoCYDt7FT0=
github.com/aws/aws-sdk-go v1.15.49 h1:KpQb+K3rqHcAZ44NT5c3pfHiyM8mqGEHuhobn0ZMyYQ=
github.com/aws/aws-sdk-go v1.15.49/go.mod h1:mFuSZ37Z9YOHbQEwBWztmVzqXrEkub65tZoCYDt7FT0=
github.com/aws/aws-sdk-go v1.15.50 h1:3QZIQeiRXEMTs+w+BQ2c/3Fi9/Qz9KnipT/M7YI1ub4=
github.com/aws/aws-sdk-go v1.15.50/go.mod h1:mFuSZ37Z9YOHbQEwBWztmVzqXrEkub65tZoCYDt7FT0=
github.com/aws/aws-sdk-go v1.15.51 h1:TFCMvJPA3/TckdvWNPmvZggS4+kHJqvu6Ghg8jhME0M=
github.com/aws/aws-sdk-go v1.15.51/go.mod h1:mFuSZ37Z9YOHbQEwBWztmVzqXrEkub65tZoCYDt7FT0=
github.com/aws/aws-sdk-go v1.15.52 h1:+7GPf2bgt1iUeQVG+ycSqHnjsQEWYJ4bdXuvKsi7ULA=
github.com/aws/aws-sdk-go v1.15.52/go.mod h1:mFuSZ37Z9YOHbQEwBWztmVzqXrEkub65tZoCYDt7FT0=
github.com/aws/aws-sdk-go v1.15.53 h1:cpLlUzUgjuAR6g45vPXaDIXjgCEM4/LQ2DJBXcf1ZZE=
github.com/aws/aws-sdk-go v1.15.53/go.mod h1:mFuSZ37Z9YOHbQEwBWztmVzqXrEkub65tZoCYDt7FT0=
github.com/aws/aws-sdk-go v1.15.54 h1:yNFryYgHYlEuNnMM74EZgAaOM2BsJvu77/ev9I9GHlU=
github.com/aws/aws-sdk-go v1.15.54/go.mod h1:mFuSZ37Z9YOHbQEwBWztmVzqXrEkub65tZoCYDt7FT0=
github.com/aws/aws-sdk-go v1.15.55 h1:GHqCuxkZSNKWdubIADOCrZSeg42JxREPnXaoklBg2zg=
github.com/aws/aws-sdk-go v1.15.55/go.mod h1:mFuSZ37Z9YOHbQEwBWztmVzqXrEkub65tZoCYDt7FT0=
github.com/aws/aws-sdk-go v1.15.56 h1:NFtdHo5rYXU7p8SXfxJN9pU04zuW9M1mCzfZzoLnLVY=
github.com/aws/aws-sdk-go v1.15.56/go.mod h1:mFuSZ37Z9YOHbQEwBWztmVzqXrEkub65tZoCYDt7FT0=
github.com/aws/aws-sdk-go v1.15.57 h1:inht07/mRNnvV4uAjjVgTVD7/rF+j0mXllYcNQxDgGA=
github.com/aws/aws-sdk-go v1.15.57/go.mod h1:mFuSZ37Z9YOHbQEwBWztmVzqXrEkub65tZoCYDt7FT0=
github.com/aws/aws-sdk-go v1.15.58 h1:c0EGHJVr5PeerIOEr9A97Qh46bkDI0JRoHsqtRCby9k=
github.com/aws/aws-sdk-go v1.15.58/go.mod h1:mFuSZ37Z9YOHbQEwBWztmVzqXrEkub65tZoCYDt7FT0=
github.com/aws/aws-sdk-go v1.15.59 h1:K/Jy1OfHttpKHHQEy1V0713bb6XMRiA1HO1aAi/sMNg=
github.com/aws/aws-sdk-go v1.15.59/go.mod h1:E3/ieXAlvM0XWO57iftYVDLLvQ824smPP3ATZkfNZeM=
github.com/aws/aws-sdk-go v1.15.60 h1:ZSPehAuk0wxKqLMN1AIAMcVQWlLW2wtfJD/nPgxJZuE=
github.com/aws/aws-sdk-go v1.15.60/go.mod h1:E3/ieXAlvM0XWO57iftYVDLLvQ824smPP3ATZkfNZeM=
github.com/aws/aws-sdk-go v1.15.61 h1:M1mnQshHau/YfY2hV45rsaAevdMgLp7zh0oHRCgX100=
github.com/aws/aws-sdk-go v1.15.61/go.mod h1:E3/ieXAlvM0XWO57iftYVDLLvQ824smPP3ATZkfNZeM=
github.com/aws/aws-sdk-go v1.15.62 h1:07s1rZRzXJWlrTvHR8ZZb6DjoQTFnxqraE7y5teA8Og=
github.com/aws/aws-sdk-go v1.15.62/go.mod h1:E3/ieXAlvM0XWO57iftYVDLLvQ824smPP3ATZkfNZeM=
github.com/aws/aws-sdk-go v1.15.63 h1:rPr7eEm/FSK23DoDKhbd9oLMYGT7JU9pkyfBUVOHXUo=
github.com/aws/aws-sdk-go v1.15.63/go.mod h1:E3/ieXAlvM0XWO57iftYVDLLvQ824smPP3ATZkfNZeM=
github.com/aws/aws-sdk-go v1.15.64 h1:xI5HhxebTF+jVqVOraUDqI3kr24n+yTvslwZCo3OhGA=
github.com/aws/aws-sdk-go v1.15.64/go.mod h1:E3/ieXAlvM0XWO57iftYVDLLvQ824smPP3ATZkfNZeM=
github.com/aws/aws-sdk-go v1.15.65 h1:Y6VOuOo8pz8BoUhDToahOn8dGs92QPIylYgaIOcBgh4=
github.com/aws/aws-sdk-go v1.15.65/go.mod h1:E3/ieXAlvM0XWO57iftYVDLLvQ824smPP3ATZkfNZeM=
github.com/aws/aws-sdk-go v1.15.66 h1:c2ScQzjFUoD1pK+6GQzX8yMXwppIjP5Oy8ljMRr2cbo=
github.com/aws/aws-sdk-go v1.15.66/go.mod h1:E3/ieXAlvM0XWO57iftYVDLLvQ824smPP3ATZkfNZeM=
github.com/aws/aws-sdk-go v1.15.67 h1:RTMwGN6iX8bdE0AW0Eb/BIlVXf0Q6WNKXfV+Y5J6Hmw=
github.com/aws/aws-sdk-go v1.15.67/go.mod h1:E3/ieXAlvM0XWO57iftYVDLLvQ824smPP3ATZkfNZeM=
github.com/aws/aws-sdk-go v1.15.68 h1:2+CJhKkxU/ldztVaJ7V5adR1/ZnYl+oc7ufq2Bl18BQ=
github.com/aws/aws-sdk-go v1.15.68/go.mod h1:E3/ieXAlvM0XWO57iftYVDLLvQ824smPP3ATZkfNZeM=
github.com/aws/aws-sdk-go v1.15.69 h1:AChIcf670H2PDndKvcsSkgr88QgufwnBBwhDvbIbLPg=
github.com/aws/aws-sdk-go v1.15.69/go.mod h1:E3/ieXAlvM0XWO57iftYVDLLvQ824smPP3ATZkfNZeM=
github.com/aws/aws-sdk-go v1.15.70 h1:hlRX+jjTgzNLvH0PIt1s74vz8tZNbw+StlUz+OGFtd0=
github.com/aws/aws-sdk-go v1.15.70/go.mod h1:E3/ieXAlvM0XWO57iftYVDLLvQ824smPP3ATZkfNZeM=
github.com/aws/aws-sdk-go v1.15.71 h1:uHSetqgErh6XOVupwkmuZulOynAbvMdkBoMHIMLwuVs=
github.com/aws/aws-sdk-go v1.15.71/go.mod h1:E3/ieXAlvM0XWO57iftYVDLLvQ824smPP3ATZkfNZeM=
github.com/aws/aws-sdk-go v1.15.72 h1:fyuBcvkjQyDcDcauM7RWaRj8sKDgOBZNKpBKS1tRVJc=
github.com/aws/aws-sdk-go v1.15.72/go.mod h1:E3/ieXAlvM0XWO57iftYVDLLvQ824smPP3ATZkfNZeM=
github.com/aws/aws-sdk-go v1.15.73 h1:Xzo/nSFgDfRNHRkXc03nT9389YFFaxqsy9clPwAoff0=
github.com/aws/aws-sdk-go v1.15.73/go.mod h1:E3/ieXAlvM0XWO57iftYVDLLvQ824smPP3ATZkfNZeM=
github.com/aws/aws-sdk-go v1.15.74 h1:JwCunNBs4Eu3xH5UhB1ZM8i4+qHWVKfDI5whancJ9uE=
github.com/aws/aws-sdk-go v1.15.74/go.mod h1:E3/ieXAlvM0XWO57iftYVDLLvQ824smPP3ATZkfNZeM=
github.com/aws/aws-sdk-go v1.15.75 h1:KV0OmIfKLyAypOXjZMulzqmoHHGX8J0+3wJJVJNX2hs=
github.com/aws/aws-sdk-go v1.15.75/go.mod h1:E3/ieXAlvM0XWO57iftYVDLLvQ824smPP3ATZkfNZeM=
github.com/aws/aws-sdk-go v1.15.76 h1:AZB4clNWIk13YJaTm07kqyrHkj7gZYBQCgyTh/v4Sec=
github.com/aws/aws-sdk-go v1.15.76/go.mod h1:E3/ieXAlvM0XWO57iftYVDLLvQ824smPP3ATZkfNZeM=
github.com/aws/aws-sdk-go v1.15.77 h1:qlut2MDI5mRKllPC6grO5n9M8UhPQg1TIA9cYAkC/gc=
github.com/aws/aws-sdk-go v1.15.77/go.mod h1:E3/ieXAlvM0XWO57iftYVDLLvQ824smPP3ATZkfNZeM=
github.com/aws/aws-sdk-go v1.15.78 h1:LaXy6lWR0YK7LKyuU0QWy2ws/LWTPfYV/UgfiBu4tvY=
github.com/aws/aws-sdk-go v1.15.78/go.mod h1:E3/ieXAlvM0XWO57iftYVDLLvQ824smPP3ATZkfNZeM=
github.com/aws/aws-sdk-go v1.15.79 h1:fTxsoZkaorTQaY60fuab3NkvQrS+1y6HVX41MSc2olM=
github.com/aws/aws-sdk-go v1.15.79/go.mod h1:E3/ieXAlvM0XWO57iftYVDLLvQ824smPP3ATZkfNZeM=
github.com/aws/aws-sdk-go v1.15.80 h1:gHT1ydR6xoCXEs1vLdcOkgQHh8/EpTDSj7sprGfNgIQ=
github.com/aws/aws-sdk-go v1.15.80/go.mod h1:E3/ieXAlvM0XWO57iftYVDLLvQ824smPP3ATZkfNZeM=
github.com/aws/aws-sdk-go v1.15.81 h1:va7uoFaV9uKAtZ6BTmp1u7paoMsizYRRLvRuoC07nQ8=
github.com/aws/aws-sdk-go v1.15.81/go.mod h1:E3/ieXAlvM0XWO57iftYVDLLvQ824smPP3ATZkfNZeM=
github.com/aws/aws-sdk-go v1.15.82 h1:tvOP/hcmpiUqtqJnU/IwJkqTEfnbsgja0xbPjvZuzbI=
github.com/aws/aws-sdk-go v1.15.82/go.mod h1:E3/ieXAlvM0XWO57iftYVDLLvQ824smPP3ATZkfNZeM=
github.com/aws/aws-sdk-go v1.15.83 h1:J8Vo8AU8/Bb0y/S20dWM4kU3fmsK2UaAsiHWfxNDFUA=
github.com/aws/aws-sdk-go v1.15.83/go.mod h1:es1KtYUFs7le0xQ3rOihkuoVD90z7D0fR2Qm4S00/gU=
github.com/aws/aws-sdk-go v1.15.84 h1:3V7U3ydgj3vqeiGNjfqWlOy1953zYZc16614oE8TCRc=
github.com/aws/aws-sdk-go v1.15.84/go.mod h1:es1KtYUFs7le0xQ3rOihkuoVD90z7D0fR2Qm4S00/gU=
github.com/aws/aws-sdk-go v1.15.85 h1:whWN4bkxxk6N0/33O/xyl85iTNAT5rOIPBYy0bucyeA=
github.com/aws/aws-sdk-go v1.15.85/go.mod h1:es1KtYUFs7le0xQ3rOihkuoVD90z7D0fR2Qm4S00/gU=
github.com/aws/aws-sdk-go v1.15.86 h1:5JM80L5hbIYAwbRuw+eHYnaiDoYSjVu/ESW0sRWwJLI=
github.com/aws/aws-sdk-go v1.15.86/go.mod h1:es1KtYUFs7le0xQ3rOihkuoVD90z7D0fR2Qm4S00/gU=
github.com/aws/aws-sdk-go v1.15.87 h1:jINiVACUekofdZilUJs7CvKU9xLbzfIEhfD9w6U/174=
github.com/aws/aws-sdk-go v1.15.87/go.mod h1:es1KtYUFs7le0xQ3rOihkuoVD90z7D0fR2Qm4S00/gU=
github.com/aws/aws-sdk-go v1.15.88 h1:Om0MayFrixOds/PrbBey2Cg/lkNEIyOrAF2RFXLwmnE=
github.com/aws/aws-sdk-go v1.15.88/go.mod h1:es1KtYUFs7le0xQ3rOihkuoVD90z7D0fR2Qm4S00/gU=
github.com/aws/aws-sdk-go v1.15.89 h1:T5xLl6ePbLhTdKWoeRhwIV58OfXPSLu2s4GMNDpRLu0=
github.com/aws/aws-sdk-go v1.15.89/go.mod h1:es1KtYUFs7le0xQ3rOihkuoVD90z7D0fR2Qm4S00/gU=
github.com/aws/aws-sdk-go v1.15.90 h1:W8qBrxaKIK6nPqO/UUDcjgokmS9wJQ45D273clpoBA4=
github.com/aws/aws-sdk-go v1.15.90/go.mod h1:es1KtYUFs7le0xQ3rOihkuoVD90z7D0fR2Qm4S00/gU=
github.com/aws/aws-sdk-go v1.16.0 h1:rt+g4IEnJzSI8iEpSilBfCv+FEftk28gX0en6RB6oG0=
github.com/aws/aws-sdk-go v1.16.0/go.mod h1:es1KtYUFs7le0xQ3rOihkuoVD90z7D0fR2Qm4S00/gU=
github.com/aws/aws-sdk-go v1.16.1 h1:x/KXjZHqwEXjW9i83HgvV17G3cxqSxZ21vzOzWF39Dg=
github.com/aws/aws-sdk-go v1.16.1/go.mod h1:es1KtYUFs7le0xQ3rOihkuoVD90z7D0fR2Qm4S00/gU=
github.com/aws/aws-sdk-go v1.16.2 h1:nlD5jfFLa/EN/Ag1B2UAI2YtE0oFSN+YJWh1uicKGss=
github.com/aws/aws-sdk-go v1.16.2/go.mod h1:KmX6BPdI08NWTb3/sm4ZGu5ShLoqVDhKgpiN924inxo=
github.com/aws/aws-sdk-go v1.16.3 h1:esEQzoR8SVXtwg42nRoR/YLftI4ktsZg6Qwr7jnDXy8=
github.com/aws/aws-sdk-go v1.16.3/go.mod h1:KmX6BPdI08NWTb3/sm4ZGu5ShLoqVDhKgpiN924inxo=
github.com/aws/aws-sdk-go v1.16.4 h1:HQaquRQLvsZ8fRBbmFw6/+RJolhtjGMkkB0IhTM+hf8=
github.com/aws/aws-sdk-go v1.16.4/go.mod h1:KmX6BPdI08NWTb3/sm4ZGu5ShLoqVDhKgpiN924inxo=
github.com/aws/aws-sdk-go v1.16.5 h1:NVxzZXIuwX828VcJrpNxxWjur1tlOBISdMdDdHIKHcc=
github.com/aws/aws-sdk-go v1.16.5/go.mod h1:KmX6BPdI08NWTb3/sm4ZGu5ShLoqVDhKgpiN924inxo=
github.com/aws/aws-sdk-go v1.16.6 h1:pig/KdfESvIv4gUu1B8nVAJAURxbPCTt6e5u79Nqxqc=
github.com/aws/aws-sdk-go v1.16.6/go.mod h1:KmX6BPdI08NWTb3/sm4ZGu5ShLoqVDhKgpiN924inxo=
github.com/aws/aws-sdk-go v1.16.7 h1:L6gPtqKJsdIIbvmpINjbVAdtzUOCPwhCUkXkgVGLhuQ=
github.com/aws/aws-sdk-go v1.16.7/go.mod h1:KmX6BPdI08NWTb3/sm4ZGu5ShLoqVDhKgpiN924inxo=
github.com/aws/aws-sdk-go v1.16.8 h1:zVTnpnMXhoSr3HcCqe01Y1jM8WMy6r2oWbLeqj6C+5o=
github.com/aws/aws-sdk-go v1.16.8/go.mod h1:KmX6BPdI08NWTb3/sm4ZGu5ShLoqVDhKgpiN924inxo=
github.com/aws/aws-sdk-go v1.16.9 h1:m5D9dj/JdcBaieTifMKeEeJVmD7tLFs5DMcEcz99Vqg=
github.com/aws/aws-sdk-go v1.16.9/go.mod h1:KmX6BPdI08NWTb3/sm4ZGu5ShLoqVDhKgpiN924inxo=
github.com/aws/aws-sdk-go v1.16.10 h1:x1Lz3bW9CQdiBhQJqkkmKzreqgMs8Di3EbW3/4pqPVk=
github.com/aws/aws-sdk-go v1.16.10/go.mod h1:KmX6BPdI08NWTb3/sm4ZGu5ShLoqVDhKgpiN924inxo=
github.com/aws/aws-sdk-go v1.16.11 h1:g/c7gJeVyHoXCxM2fddS85bPGVkBF8s2q8t3fyElegc=
github.com/aws/aws-sdk-go v1.16.11/go.mod h1:KmX6BPdI08NWTb3/sm4ZGu5ShLoqVDhKgpiN924inxo=
github.com/aws/aws-sdk-go v1.16.12 h1:POJW9T/PI4jEP4T7Tre6W5asb/0qcKIqyXhUTsubFgs=
github.com/aws/aws-sdk-go v1.16.12/go.mod h1:KmX6BPdI08NWTb3/sm4ZGu5ShLoqVDhKgpiN924inxo=
github.com/aws/aws-sdk-go v1.16.13 h1:W2uL0Wb8m1jVR0ZzAfJQ0DSF4YqzGBJY4vyiVP0tGkk=
github.com/aws/aws-sdk-go v1.16.13/go.mod h1:KmX6BPdI08NWTb3/sm4ZGu5ShLoqVDhKgpiN924inxo=
github.com/aws/aws-sdk-go v1.16.14 h1:v/Jc1ryxAa6F9uPwXl2RSuFsGC4Iai8PEiSDP/cprHc=
github.com/aws/aws-sdk-go v1.16.14/go.mod h1:KmX6BPdI08NWTb3/sm4ZGu5ShLoqVDhKgpiN924inxo=
github.com/aws/aws-sdk-go v1.16.15 h1:kQyxfRyjAwIYjf0225sn/pn+WAlncKyI8dmT3+ItMFE=
github.com/aws/aws-sdk-go v1.16.15/go.mod h1:KmX6BPdI08NWTb3/sm4ZGu5ShLoqVDhKgpiN924inxo=
github.com/aws/aws-sdk-go v1.16.16 h1:F92+6JQtd5MMlysqHp0DhlL7zegWz5Tf9yORFOPiUQY=
github.com/aws/aws-sdk-go v1.16.16/go.mod h1:KmX6BPdI08NWTb3/sm4ZGu5ShLoqVDhKgpiN924inxo=
github.com/aws/aws-sdk-go v1.16.17 h1:hHRKZhoB4qEY17aGNp71UxQFyYpx6WZXGMUzx9y/A4w=
github.com/aws/aws-sdk-go v1.16.17/go.mod h1:KmX6BPdI08NWTb3/sm4ZGu5ShLoqVDhKgpiN924inxo=
github.com/aws/aws-sdk-go v1.43.22 h1:QY9/1TZB73UDEVQ68sUVJXf/7QUiHZl7zbbLF1wpqlc=
github.com/aws/aws-sdk-go v1.43.22/go.mod h1:y4AeaBuwd2Lk+GepC1E9v0qOiTws0MIWAX4oIKwKHZo=
github.com/davecgh/go-spew v1.1.0 h1:ZDRjVQ15GmhC3fiQ8ni8+OwkZQO4DARzQgrnXU1Liz8=
github.com/davecgh/go-spew v1.1.0/go.mod h1:J7Y8YcW2NihsgmVo/mv3lAwl/skON4iLHjSsI+c5H38=
github.com/davecgh/go-spew v1.1.1 h1:vj9j/u1bqnvCEfJOwUhtlOARqs3+rkHYY13jYWTU97c=
github.com/davecgh/go-spew v1.1.1/go.mod h1:J7Y8YcW2NihsgmVo/mv3lAwl/skON4iLHjSsI+c5H38=
github.com/go-ini/ini v1.25.4 h1:Mujh4R/dH6YL8bxuISne3xX2+qcQ9p0IxKAP6ExWoUo=
github.com/go-ini/ini v1.25.4/go.mod h1:ByCAeIL28uOIIG0E3PJtZPDL8WnHpFKFOtgjp+3Ies8=
github.com/golang/mock v1.4.4 h1:l75CXGRSwbaYNpl/Z2X1XIIAMSCquvXgpVZDhwEIJsc=
github.com/golang/mock v1.4.4/go.mod h1:l3mdAwkq5BuhzHwde/uurv3sEJeZMXNpwsxVWU71h+4=
github.com/gopherjs/gopherjs v0.0.0-20181017120253-0766667cb4d1 h1:EGx4pi6eqNxGaHF6qqu48+N2wcFQ5qg5FXgOdqsJ5d8=
github.com/gopherjs/gopherjs v0.0.0-20181017120253-0766667cb4d1/go.mod h1:wJfORRmW1u3UXTncJ5qlYoELFm8eSnnEO6hX4iZ3EWY=
github.com/jmespath/go-jmespath v0.0.0-20160202185014-0b12d6b521d8 h1:12VvqtR6Aowv3l/EQUlocDHW2Cp4G9WJVH7uyH8QFJE=
github.com/jmespath/go-jmespath v0.0.0-20160202185014-0b12d6b521d8/go.mod h1:Nht3zPeWKUH0NzdCt2Blrr5ys8VGpn0CEB0cQHVjt7k=
github.com/jmespath/go-jmespath v0.0.0-20180206201540-c2b33e8439af h1:pmfjZENx5imkbgOkpRUYLnmbU7UEFbjtDA2hxJ1ichM=
github.com/jmespath/go-jmespath v0.0.0-20180206201540-c2b33e8439af/go.mod h1:Nht3zPeWKUH0NzdCt2Blrr5ys8VGpn0CEB0cQHVjt7k=
github.com/jmespath/go-jmespath v0.4.0 h1:BEgLn5cpjn8UN1mAw4NjwDrS35OdebyEtFe+9YPoQUg=
github.com/jmespath/go-jmespath v0.4.0/go.mod h1:T8mJZnbsbmF+m6zOOFylbeCJqk5+pHWvzYPziyZiYoo=
github.com/jmespath/go-jmespath/internal/testify v1.5.1 h1:shLQSRRSCCPj3f2gpwzGwWFoC7ycTf1rcQZHOlsJ6N8=
github.com/jmespath/go-jmespath/internal/testify v1.5.1/go.mod h1:L3OGu8Wl2/fWfCI6z80xFu9LTZmf1ZRjMHUOPmWr69U=
github.com/jtolds/gls v4.20.0+incompatible h1:xdiiI2gbIgH/gLH7ADydsJ1uDOEzR8yvV7C0MuV77Wo=
github.com/jtolds/gls v4.20.0+incompatible/go.mod h1:QJZ7F/aHp+rZTRtaJ1ow/lLfFfVYBRgL+9YlvaHOwJU=
github.com/pkg/errors v0.9.1/go.mod h1:bwawxfHBFNV+L2hUp1rHADufV3IMtnDRdf1r5NINEl0=
github.com/pmezard/go-difflib v1.0.0 h1:4DBwDE0NGyQoBHbLQYPwSUPoCMWR5BEzIk/f1lZbAQM=
github.com/pmezard/go-difflib v1.0.0/go.mod h1:iKH77koFhYxTK1pcRnkKkqfTogsbg7gZNVY4sRDYZ/4=
github.com/smartystreets/assertions v1.2.0 h1:42S6lae5dvLc7BrLu/0ugRtcFVjoJNMC/N3yZFZkDFs=
github.com/smartystreets/assertions v1.2.0/go.mod h1:tcbTF8ujkAEcZ8TElKY+i30BzYlVhC/LOxJk7iOWnoo=
github.com/smartystreets/goconvey v1.7.2 h1:9RBaZCeXEQ3UselpuwUQHltGVXvdwm6cv1hgR6gDIPg=
github.com/smartystreets/goconvey v1.7.2/go.mod h1:Vw0tHAZW6lzCRk3xgdin6fKYcG+G3Pg9vgXWeJpQFMM=
github.com/stretchr/objx v0.1.0/go.mod h1:HFkY916IF+rwdDfMAkV7OtwuqBVzrE8GR6GFx+wExME=
github.com/stretchr/testify v1.1.4 h1:ToftOQTytwshuOSj6bDSolVUa3GINfJP/fg3OkkOzQQ=
github.com/stretchr/testify v1.1.4/go.mod h1:a8OnRcib4nhh0OaRAV+Yts87kKdq0PP7pXfy6kDkUVs=
golang.org/x/crypto v0.0.0-20190308221718-c2843e01d9a2/go.mod h1:djNgcEr1/C05ACkg1iLfiJU5Ep61QUkGW8qpdssI0+w=
golang.org/x/net v0.0.0-20190311183353-d8887717615a h1:oWX7TPOiFAMXLq8o0ikBYfCJVlRHBcsciT5bXOrH628=
golang.org/x/net v0.0.0-20190311183353-d8887717615a/go.mod h1:t9HGtf8HONx5eT2rtn7q6eTqICYqUVnKs3thJo3Qplg=
golang.org/x/net v0.0.0-20220127200216-cd36cc0744dd h1:O7DYs+zxREGLKzKoMQrtrEacpb0ZVXA5rIwylE2Xchk=
golang.org/x/net v0.0.0-20220127200216-cd36cc0744dd/go.mod h1:CfG3xpIq0wQ8r1q4Su4UZFWDARRcnwPjda9FqA0JpMk=
golang.org/x/sync v0.0.0-20190423024810-112230192c58/go.mod h1:RxMgew5VJxzue5/jJTE5uejpjVlOe/izrB70Jof72aM=
golang.org/x/sys v0.0.0-20190215142949-d0b11bdaac8a/go.mod h1:STP8DvDyc/dI5b8T5hshtkjS+E42TnysNCUPdjciGhY=
golang.org/x/sys v0.0.0-20210615035016-665e8c7367d1/go.mod h1:oPkhp1MJrh7nUepCBck5+mAzfO9JrbApNNgaTdGDITg=
golang.org/x/sys v0.0.0-20211216021012-1d35b9e2eb4e/go.mod h1:oPkhp1MJrh7nUepCBck5+mAzfO9JrbApNNgaTdGDITg=
golang.org/x/term v0.0.0-20210927222741-03fcf44c2211/go.mod h1:jbD1KX2456YbFQfuXm/mYQcufACuNUgVhRMnK/tPxf8=
golang.org/x/text v0.3.0 h1:g61tztE5qeGQ89tm6NTjjM9VPIm088od1l6aSorWRWg=
golang.org/x/text v0.3.0/go.mod h1:NqM8EUOU14njkJ3fqMW+pc6Ldnwhi/IjpwHt7yyuwOQ=
golang.org/x/text v0.3.7 h1:olpwvP2KacW1ZWvsR7uQhoyTYvKAupfQrRGBFM352Gk=
golang.org/x/text v0.3.7/go.mod h1:u+2+/6zg+i71rQMx5EYifcz6MCKuco9NR6JIITiCfzQ=
golang.org/x/tools v0.0.0-20180917221912-90fa682c2a6e/go.mod h1:n7NCudcB/nEzxVGmLbDWY5pfWTLqBcC2KZ6jyYvM4mQ=
golang.org/x/tools v0.0.0-20190328211700-ab21143f2384/go.mod h1:LCzVGOaR6xXOjkQ3onu1FJEFr0SW1gC7cKk1uF8kGRs=
golang.org/x/tools v0.0.0-20190425150028-36563e24a262 h1:qsl9y/CJx34tuA7QCPNp86JNJe4spst6Ff8MjvPUdPg=
golang.org/x/tools v0.0.0-20190425150028-36563e24a262/go.mod h1:RgjU9mgBXZiqYHBnxXauZ1Gv1EHHAz9KjViQ78xBX0Q=
gopkg.in/check.v1 v0.0.0-20161208181325-20d25e280405 h1:yhCVgyC4o1eVCa2tZl7eS0r+SDo693bJlVdllGtEeKM=
gopkg.in/check.v1 v0.0.0-20161208181325-20d25e280405/go.mod h1:Co6ibVJAznAaIkqp8huTwlJQCZ016jof/cbN4VW5Yz0=
gopkg.in/yaml.v2 v2.2.8 h1:obN1ZagJSUGI0Ek/LBmuj4SNLPfIny3KsKFopxRdj10=
gopkg.in/yaml.v2 v2.2.8/go.mod h1:hI93XBmqTisBFMUTm0b8Fm+jr3Dg1NNxqwp+5A1VGuI=
